{
  "requires": true,
  "lockfileVersion": 1,
  "dependencies": {
    "ajv": {
      "version": "6.10.0",
      "resolved": "https://registry.npm.taobao.org/ajv/download/ajv-6.10.0.tgz",
      "integrity": "sha1-kNDVRDnaWHzX6EO/twRfUL0ivfE=",
      "requires": {
        "fast-deep-equal": "^2.0.1",
        "fast-json-stable-stringify": "^2.0.0",
        "json-schema-traverse": "^0.4.1",
        "uri-js": "^4.2.2"
      }
    },
    "ajv-errors": {
      "version": "1.0.1",
      "resolved": "https://registry.npm.taobao.org/ajv-errors/download/ajv-errors-1.0.1.tgz",
      "integrity": "sha1-81mGrOuRr63sQQL72FAUlQzvpk0="
    },
    "ajv-keywords": {
      "version": "3.4.0",
      "resolved": "https://registry.npm.taobao.org/ajv-keywords/download/ajv-keywords-3.4.0.tgz",
      "integrity": "sha1-S4Mee1MUFafMUYzUBOc/YZPGNJ0="
    },
    "big.js": {
      "version": "5.2.2",
      "resolved": "https://registry.npm.taobao.org/big.js/download/big.js-5.2.2.tgz",
      "integrity": "sha1-ZfCvOC9Xi83HQr2cKB6cstd2gyg="
    },
    "emojis-list": {
      "version": "2.1.0",
      "resolved": "https://registry.npm.taobao.org/emojis-list/download/emojis-list-2.1.0.tgz",
      "integrity": "sha1-TapNnbAPmBmIDHn6RXrlsJof04k="
    },
    "fast-deep-equal": {
      "version": "2.0.1",
      "resolved": "https://registry.npm.taobao.org/fast-deep-equal/download/fast-deep-equal-2.0.1.tgz",
      "integrity": "sha1-ewUhjd+WZ79/Nwv3/bLLFf3Qqkk="
    },
    "fast-json-stable-stringify": {
      "version": "2.0.0",
      "resolved": "https://registry.npm.taobao.org/fast-json-stable-stringify/download/fast-json-stable-stringify-2.0.0.tgz",
      "integrity": "sha1-1RQsDK7msRifh9OnYREGT4bIu/I="
    },
    "json-schema-traverse": {
      "version": "0.4.1",
      "resolved": "https://registry.npm.taobao.org/json-schema-traverse/download/json-schema-traverse-0.4.1.tgz",
      "integrity": "sha1-afaofZUTq4u4/mO9sJecRI5oRmA="
    },
    "json5": {
      "version": "1.0.1",
      "resolved": "https://registry.npm.taobao.org/json5/download/json5-1.0.1.tgz",
      "integrity": "sha1-d5+wAYYE+oVOrL9iUhgNg1Q+Pb4=",
      "requires": {
        "minimist": "^1.2.0"
      }
    },
    "loader-utils": {
      "version": "1.2.3",
      "resolved": "https://registry.npm.taobao.org/loader-utils/download/loader-utils-1.2.3.tgz",
      "integrity": "sha1-H/XcaRHJ8KBiUxpMBLYJQGEIwsc=",
      "requires": {
        "big.js": "^5.2.2",
        "emojis-list": "^2.0.0",
        "json5": "^1.0.1"
      }
    },
    "mime": {
      "version": "2.4.4",
      "resolved": "https://registry.npm.taobao.org/mime/download/mime-2.4.4.tgz?cache=0&sync_timestamp=1560034758817&other_urls=https%3A%2F%2Fregistry.npm.taobao.org%2Fmime%2Fdownload%2Fmime-2.4.4.tgz",
      "integrity": "sha1-vXuRE1/GsBzePpuuM9ZZtj2IV+U="
    },
    "minimist": {
      "version": "1.2.0",
      "resolved": "https://registry.npm.taobao.org/minimist/download/minimist-1.2.0.tgz",
      "integrity": "sha1-o1AIsg9BOD7sH7kU9M1d95omQoQ="
    },
    "punycode": {
      "version": "2.1.1",
      "resolved": "https://registry.npm.taobao.org/punycode/download/punycode-2.1.1.tgz",
      "integrity": "sha1-tYsBCsQMIsVldhbI0sLALHv0eew="
    },
    "schema-utils": {
      "version": "1.0.0",
      "resolved": "https://registry.npm.taobao.org/schema-utils/download/schema-utils-1.0.0.tgz",
      "integrity": "sha1-C3mpMgTXtgDUsoUNH2bCo0lRx3A=",
      "requires": {
        "ajv": "^6.1.0",
        "ajv-errors": "^1.0.0",
        "ajv-keywords": "^3.1.0"
      }
    },
    "uri-js": {
      "version": "4.2.2",
      "resolved": "https://registry.npm.taobao.org/uri-js/download/uri-js-4.2.2.tgz",
      "integrity": "sha1-lMVA4f93KVbiKZUHwBCupsiDjrA=",
      "requires": {
        "punycode": "^2.1.0"
      }
    },
    "url-loader": {
      "version": "2.0.0",
      "resolved": "https://registry.npm.taobao.org/url-loader/download/url-loader-2.0.0.tgz?cache=0&other_urls=https%3A%2F%2Fregistry.npm.taobao.org%2Furl-loader%2Fdownload%2Furl-loader-2.0.0.tgz",
      "integrity": "sha1-YA7zb0Y+Ib1nOtcBVthQYZ2c0JI=",
      "requires": {
        "loader-utils": "^1.1.0",
        "mime": "^2.0.3",
        "schema-utils": "^1.0.0"
      }
    },
    "vue": {
      "version": "2.6.10",
      "resolved": "http://registry.npm.taobao.org/vue/download/vue-2.6.10.tgz?cache=0&other_urls=http%3A%2F%2Fregistry.npm.taobao.org%2Fvue%2Fdownload%2Fvue-2.6.10.tgz",
      "integrity": "sha1-pysaQqTYKnIepDjRtr9V5mGVxjc="
    },
    "vuex": {
      "version": "3.1.1",
      "resolved": "https://registry.npm.taobao.org/vuex/download/vuex-3.1.1.tgz",
      "integrity": "sha1-DCZL/jDNvM+Wq52zF30hGCilkQ4="
    }
  }
}
